
Microsoft Visual Studio Solution File, Format Version 12.00
# Visual Studio 15
VisualStudioVersion = 15.0.28307.645
MinimumVisualStudioVersion = 10.0.40219.1
Project("{9A19103F-16F7-4668-BE54-9A1E7A4F7556}") = "TS.Web", "TS.Web\TS.Web.csproj", "{A8E2A9A8-A449-4D6D-A18F-E3CE0A1159B7}"
EndProject
Project("{FAE04EC0-301F-11D3-BF4B-00C04F79EFBC}") = "TS.BO", "TS.BO\TS.BO.csproj", "{8CA8A39A-BD5E-4A3D-9D8F-A8E1126DACCA}"
EndProject
Project("{FAE04EC0-301F-11D3-BF4B-00C04F79EFBC}") = "TS.DAL", "TS.DAL\TS.DAL.csproj", "{87A33670-5675-4DAD-97C6-9A1C4283D649}"
EndProject
Global
	GlobalSection(SolutionConfigurationPlatforms) = preSolution
		Debug|Any CPU = Debug|Any CPU
		Release|Any CPU = Release|Any CPU
	EndGlobalSection
	GlobalSection(ProjectConfigurationPlatforms) = postSolution
		{A8E2A9A8-A449-4D6D-A18F-E3CE0A1159B7}.Debug|Any CPU.ActiveCfg = Debug|Any CPU
		{A8E2A9A8-A449-4D6D-A18F-E3CE0A1159B7}.Debug|Any CPU.Build.0 = Debug|Any CPU
		{A8E2A9A8-A449-4D6D-A18F-E3CE0A1159B7}.Release|Any CPU.ActiveCfg = Release|Any CPU
		{A8E2A9A8-A449-4D6D-A18F-E3CE0A1159B7}.Release|Any CPU.Build.0 = Release|Any CPU
		{8CA8A39A-BD5E-4A3D-9D8F-A8E1126DACCA}.Debug|Any CPU.ActiveCfg = Debug|Any CPU
		{8CA8A39A-BD5E-4A3D-9D8F-A8E1126DACCA}.Debug|Any CPU.Build.0 = Debug|Any CPU
		{8CA8A39A-BD5E-4A3D-9D8F-A8E1126DACCA}.Release|Any CPU.ActiveCfg = Release|Any CPU
		{8CA8A39A-BD5E-4A3D-9D8F-A8E1126DACCA}.Release|Any CPU.Build.0 = Release|Any CPU
		{87A33670-5675-4DAD-97C6-9A1C4283D649}.Debug|Any CPU.ActiveCfg = Debug|Any CPU
		{87A33670-5675-4DAD-97C6-9A1C4283D649}.Debug|Any CPU.Build.0 = Debug|Any CPU
		{87A33670-5675-4DAD-97C6-9A1C4283D649}.Release|Any CPU.ActiveCfg = Release|Any CPU
		{87A33670-5675-4DAD-97C6-9A1C4283D649}.Release|Any CPU.Build.0 = Release|Any CPU
	EndGlobalSection
	GlobalSection(SolutionProperties) = preSolution
		HideSolutionNode = FALSE
	EndGlobalSection
	GlobalSection(ExtensibilityGlobals) = postSolution
		SolutionGuid = {DD36F6A5-8E56-4390-9242-67E8F78C007F}
	EndGlobalSection
EndGlobal
